
Microsoft Visual Studio Solution File, Format Version 12.00
# Visual Studio 15
Project("{FAE04EC0-301F-11D3-BF4B-00C04F79EFBC}") = "AutomationFramework", "Automation\AutomationFramework.csproj", "{A60078ED-8519-45C2-B806-A9C1201448E0}"
EndProject
Project("{FAE04EC0-301F-11D3-BF4B-00C04F79EFBC}") = "Tests", "Tests\Tests.csproj", "{5F23A433-DAF6-4DC6-AAC1-ED316D5E5FEB}"
EndProject
Project("{2150E333-8FDC-42A3-9474-1A3956D46DE8}") = "Solution Items", "Solution Items", "{6C996637-EEC4-46EA-BCED-D8CF5594F289}"
	ProjectSection(SolutionItems) = preProject
		chromedriver = chromedriver
	EndProjectSection
EndProject
Global
	GlobalSection(SolutionConfigurationPlatforms) = preSolution
		Debug|Any CPU = Debug|Any CPU
		Release|Any CPU = Release|Any CPU
	EndGlobalSection
	GlobalSection(ProjectConfigurationPlatforms) = postSolution
		{A60078ED-8519-45C2-B806-A9C1201448E0}.Debug|Any CPU.ActiveCfg = Debug|Any CPU
		{A60078ED-8519-45C2-B806-A9C1201448E0}.Debug|Any CPU.Build.0 = Debug|Any CPU
		{A60078ED-8519-45C2-B806-A9C1201448E0}.Release|Any CPU.ActiveCfg = Release|Any CPU
		{A60078ED-8519-45C2-B806-A9C1201448E0}.Release|Any CPU.Build.0 = Release|Any CPU
		{5F23A433-DAF6-4DC6-AAC1-ED316D5E5FEB}.Debug|Any CPU.ActiveCfg = Debug|Any CPU
		{5F23A433-DAF6-4DC6-AAC1-ED316D5E5FEB}.Debug|Any CPU.Build.0 = Debug|Any CPU
		{5F23A433-DAF6-4DC6-AAC1-ED316D5E5FEB}.Release|Any CPU.ActiveCfg = Release|Any CPU
		{5F23A433-DAF6-4DC6-AAC1-ED316D5E5FEB}.Release|Any CPU.Build.0 = Release|Any CPU
	EndGlobalSection
EndGlobal
